
Microsoft Visual Studio Solution File, Format Version 12.00
# Visual Studio Version 17
VisualStudioVersion = 17.2.32616.157
MinimumVisualStudioVersion = 10.0.40219.1
Project("{9A19103F-16F7-4668-BE54-9A1E7A4F7556}") = "Shared", "Shared\Shared.csproj", "{A54D53BA-7B02-4C77-8684-8E3D4B2F010D}"
EndProject
Project("{9A19103F-16F7-4668-BE54-9A1E7A4F7556}") = "API_Back", "API_Back\API_Back.csproj", "{4261C774-4F71-4C57-8E39-2BDCAF98BB04}"
EndProject
Project("{9A19103F-16F7-4668-BE54-9A1E7A4F7556}") = "WEB_Front", "WEB_Front\WEB_Front.csproj", "{DFF55BE7-FF6E-4038-8AAB-385B9189B27F}"
EndProject
Project("{FAE04EC0-301F-11D3-BF4B-00C04F79EFBC}") = "WEB_FrontTest", "WEB_FrontTest\WEB_FrontTest.csproj", "{6E493B9F-3012-415B-B5C0-58A4D5D81A88}"
EndProject
Global
	GlobalSection(SolutionConfigurationPlatforms) = preSolution
		Debug|Any CPU = Debug|Any CPU
		Release|Any CPU = Release|Any CPU
	EndGlobalSection
	GlobalSection(ProjectConfigurationPlatforms) = postSolution
		{A54D53BA-7B02-4C77-8684-8E3D4B2F010D}.Debug|Any CPU.ActiveCfg = Debug|Any CPU
		{A54D53BA-7B02-4C77-8684-8E3D4B2F010D}.Debug|Any CPU.Build.0 = Debug|Any CPU
		{A54D53BA-7B02-4C77-8684-8E3D4B2F010D}.Release|Any CPU.ActiveCfg = Release|Any CPU
		{A54D53BA-7B02-4C77-8684-8E3D4B2F010D}.Release|Any CPU.Build.0 = Release|Any CPU
		{4261C774-4F71-4C57-8E39-2BDCAF98BB04}.Debug|Any CPU.ActiveCfg = Debug|Any CPU
		{4261C774-4F71-4C57-8E39-2BDCAF98BB04}.Debug|Any CPU.Build.0 = Debug|Any CPU
		{4261C774-4F71-4C57-8E39-2BDCAF98BB04}.Release|Any CPU.ActiveCfg = Release|Any CPU
		{4261C774-4F71-4C57-8E39-2BDCAF98BB04}.Release|Any CPU.Build.0 = Release|Any CPU
		{DFF55BE7-FF6E-4038-8AAB-385B9189B27F}.Debug|Any CPU.ActiveCfg = Debug|Any CPU
		{DFF55BE7-FF6E-4038-8AAB-385B9189B27F}.Debug|Any CPU.Build.0 = Debug|Any CPU
		{DFF55BE7-FF6E-4038-8AAB-385B9189B27F}.Release|Any CPU.ActiveCfg = Release|Any CPU
		{DFF55BE7-FF6E-4038-8AAB-385B9189B27F}.Release|Any CPU.Build.0 = Release|Any CPU
		{6E493B9F-3012-415B-B5C0-58A4D5D81A88}.Debug|Any CPU.ActiveCfg = Debug|Any CPU
		{6E493B9F-3012-415B-B5C0-58A4D5D81A88}.Debug|Any CPU.Build.0 = Debug|Any CPU
		{6E493B9F-3012-415B-B5C0-58A4D5D81A88}.Release|Any CPU.ActiveCfg = Release|Any CPU
		{6E493B9F-3012-415B-B5C0-58A4D5D81A88}.Release|Any CPU.Build.0 = Release|Any CPU
	EndGlobalSection
	GlobalSection(SolutionProperties) = preSolution
		HideSolutionNode = FALSE
	EndGlobalSection
	GlobalSection(ExtensibilityGlobals) = postSolution
		SolutionGuid = {A22BB1A7-7A7D-49A7-B5C8-7EB4C6D3963B}
	EndGlobalSection
EndGlobal
