
Microsoft Visual Studio Solution File, Format Version 12.00
# Visual Studio Version 16
VisualStudioVersion = 25.0.1703.0
MinimumVisualStudioVersion = 10.0.40219.1
Project("{FAE04EC0-301F-11D3-BF4B-00C04F79EFBC}") = "week7", "Week7\Week7.csproj", "{F7E52428-80F9-4971-931C-108D55B199F9}"
EndProject
Project("{FAE04EC0-301F-11D3-BF4B-00C04F79EFBC}") = "shared", "Shared\Shared.csproj", "{409BAC74-2BE4-45F6-8545-CCF82A97DE9B}"
EndProject
Project("{FAE04EC0-301F-11D3-BF4B-00C04F79EFBC}") = "front", "front\front.csproj", "{4CF3739F-3E55-4E5E-A8F3-5DE0D396C1AF}"
EndProject
Global
	GlobalSection(SolutionConfigurationPlatforms) = preSolution
		Debug|Any CPU = Debug|Any CPU
		Release|Any CPU = Release|Any CPU
	EndGlobalSection
	GlobalSection(ProjectConfigurationPlatforms) = postSolution
		{F7E52428-80F9-4971-931C-108D55B199F9}.Debug|Any CPU.ActiveCfg = Debug|Any CPU
		{F7E52428-80F9-4971-931C-108D55B199F9}.Debug|Any CPU.Build.0 = Debug|Any CPU
		{F7E52428-80F9-4971-931C-108D55B199F9}.Release|Any CPU.ActiveCfg = Release|Any CPU
		{F7E52428-80F9-4971-931C-108D55B199F9}.Release|Any CPU.Build.0 = Release|Any CPU
		{409BAC74-2BE4-45F6-8545-CCF82A97DE9B}.Debug|Any CPU.ActiveCfg = Debug|Any CPU
		{409BAC74-2BE4-45F6-8545-CCF82A97DE9B}.Debug|Any CPU.Build.0 = Debug|Any CPU
		{409BAC74-2BE4-45F6-8545-CCF82A97DE9B}.Release|Any CPU.ActiveCfg = Release|Any CPU
		{409BAC74-2BE4-45F6-8545-CCF82A97DE9B}.Release|Any CPU.Build.0 = Release|Any CPU
		{4CF3739F-3E55-4E5E-A8F3-5DE0D396C1AF}.Debug|Any CPU.ActiveCfg = Debug|Any CPU
		{4CF3739F-3E55-4E5E-A8F3-5DE0D396C1AF}.Debug|Any CPU.Build.0 = Debug|Any CPU
		{4CF3739F-3E55-4E5E-A8F3-5DE0D396C1AF}.Release|Any CPU.ActiveCfg = Release|Any CPU
		{4CF3739F-3E55-4E5E-A8F3-5DE0D396C1AF}.Release|Any CPU.Build.0 = Release|Any CPU
	EndGlobalSection
	GlobalSection(SolutionProperties) = preSolution
		HideSolutionNode = FALSE
	EndGlobalSection
	GlobalSection(ExtensibilityGlobals) = postSolution
		SolutionGuid = {3A302035-578B-40E4-BB4F-ACD980E0A565}
	EndGlobalSection
EndGlobal
